
Microsoft Visual Studio Solution File, Format Version 12.00
# Visual Studio Version 17
VisualStudioVersion = 17.12.35707.178
MinimumVisualStudioVersion = 10.0.40219.1
Project("{FAE04EC0-301F-11D3-BF4B-00C04F79EFBC}") = "Lab1", "Lab1\Lab1.csproj", "{25B87884-7CB5-4A6B-9722-70EA398F134B}"
EndProject
Project("{FAE04EC0-301F-11D3-BF4B-00C04F79EFBC}") = "TestProject1", "TestProject1\TestProject1.csproj", "{2B010E1E-CAE9-44DE-BE11-D25675410192}"
EndProject
Project("{FAE04EC0-301F-11D3-BF4B-00C04F79EFBC}") = "program2", "program2\program2.csproj", "{0BE32862-5991-4305-AC02-AB4FCFA307AE}"
EndProject
Project("{FAE04EC0-301F-11D3-BF4B-00C04F79EFBC}") = "TestProject2", "TestProject2\TestProject2.csproj", "{A2F36889-D3AC-4C08-A349-BE2030F97E64}"
EndProject
Global
	GlobalSection(SolutionConfigurationPlatforms) = preSolution
		Debug|Any CPU = Debug|Any CPU
		Release|Any CPU = Release|Any CPU
	EndGlobalSection
	GlobalSection(ProjectConfigurationPlatforms) = postSolution
		{25B87884-7CB5-4A6B-9722-70EA398F134B}.Debug|Any CPU.ActiveCfg = Debug|Any CPU
		{25B87884-7CB5-4A6B-9722-70EA398F134B}.Debug|Any CPU.Build.0 = Debug|Any CPU
		{25B87884-7CB5-4A6B-9722-70EA398F134B}.Release|Any CPU.ActiveCfg = Release|Any CPU
		{25B87884-7CB5-4A6B-9722-70EA398F134B}.Release|Any CPU.Build.0 = Release|Any CPU
		{2B010E1E-CAE9-44DE-BE11-D25675410192}.Debug|Any CPU.ActiveCfg = Debug|Any CPU
		{2B010E1E-CAE9-44DE-BE11-D25675410192}.Debug|Any CPU.Build.0 = Debug|Any CPU
		{2B010E1E-CAE9-44DE-BE11-D25675410192}.Release|Any CPU.ActiveCfg = Release|Any CPU
		{2B010E1E-CAE9-44DE-BE11-D25675410192}.Release|Any CPU.Build.0 = Release|Any CPU
		{0BE32862-5991-4305-AC02-AB4FCFA307AE}.Debug|Any CPU.ActiveCfg = Debug|Any CPU
		{0BE32862-5991-4305-AC02-AB4FCFA307AE}.Debug|Any CPU.Build.0 = Debug|Any CPU
		{0BE32862-5991-4305-AC02-AB4FCFA307AE}.Release|Any CPU.ActiveCfg = Release|Any CPU
		{0BE32862-5991-4305-AC02-AB4FCFA307AE}.Release|Any CPU.Build.0 = Release|Any CPU
		{A2F36889-D3AC-4C08-A349-BE2030F97E64}.Debug|Any CPU.ActiveCfg = Debug|Any CPU
		{A2F36889-D3AC-4C08-A349-BE2030F97E64}.Debug|Any CPU.Build.0 = Debug|Any CPU
		{A2F36889-D3AC-4C08-A349-BE2030F97E64}.Release|Any CPU.ActiveCfg = Release|Any CPU
		{A2F36889-D3AC-4C08-A349-BE2030F97E64}.Release|Any CPU.Build.0 = Release|Any CPU
	EndGlobalSection
	GlobalSection(SolutionProperties) = preSolution
		HideSolutionNode = FALSE
	EndGlobalSection
EndGlobal
